
Microsoft Visual Studio Solution File, Format Version 12.00
Project("{FAE04EC0-301F-11D3-BF4B-00C04F79EFBC}") = "NetworkSniffer", "NetworkSniffer\NetworkSniffer.csproj", "{303F3C71-8EEA-48C6-8ABF-8934ED2371C9}"
EndProject
Project("{FAE04EC0-301F-11D3-BF4B-00C04F79EFBC}") = "NetworkSniffer.Tests", "NetworkSniffer.Tests\NetworkSniffer.Tests.csproj", "{D5D1BAE8-7FF0-4CED-929F-5BC92E07FDE1}"
EndProject
Global
	GlobalSection(SolutionConfigurationPlatforms) = preSolution
		Debug|Any CPU = Debug|Any CPU
		Release|Any CPU = Release|Any CPU
	EndGlobalSection
	GlobalSection(ProjectConfigurationPlatforms) = postSolution
		{303F3C71-8EEA-48C6-8ABF-8934ED2371C9}.Debug|Any CPU.ActiveCfg = Debug|Any CPU
		{303F3C71-8EEA-48C6-8ABF-8934ED2371C9}.Debug|Any CPU.Build.0 = Debug|Any CPU
		{303F3C71-8EEA-48C6-8ABF-8934ED2371C9}.Release|Any CPU.ActiveCfg = Release|Any CPU
		{303F3C71-8EEA-48C6-8ABF-8934ED2371C9}.Release|Any CPU.Build.0 = Release|Any CPU
		{D5D1BAE8-7FF0-4CED-929F-5BC92E07FDE1}.Debug|Any CPU.ActiveCfg = Debug|Any CPU
		{D5D1BAE8-7FF0-4CED-929F-5BC92E07FDE1}.Debug|Any CPU.Build.0 = Debug|Any CPU
		{D5D1BAE8-7FF0-4CED-929F-5BC92E07FDE1}.Release|Any CPU.ActiveCfg = Release|Any CPU
		{D5D1BAE8-7FF0-4CED-929F-5BC92E07FDE1}.Release|Any CPU.Build.0 = Release|Any CPU
	EndGlobalSection
EndGlobal
